<?xml version="1.0" encoding="utf-8"?>
<Project ToolsVersion="4.0" xmlns="http://schemas.microsoft.com/developer/msbuild/2003">
  <ItemGroup>
    <Filter Include="Source Files">
      <UniqueIdentifier>{4FC737F1-C7A5-4376-A066-2A32D752A2FF}</UniqueIdentifier>
      <Extensions>cpp;c;cc;cxx;c++;cppm;ixx;def;odl;idl;hpj;bat;asm;asmx</Extensions>
    </Filter>
    <Filter Include="Header Files">
      <UniqueIdentifier>{93995380-89BD-4b04-88EB-625FBE52EBFB}</UniqueIdentifier>
      <Extensions>h;hh;hpp;hxx;h++;hm;inl;inc;ipp;xsd</Extensions>
    </Filter>
    <Filter Include="Resource Files">
      <UniqueIdentifier>{67DA6AB6-F800-4c08-8B7A-83BB121AAD01}</UniqueIdentifier>
      <Extensions>rc;ico;cur;bmp;dlg;rc2;rct;bin;rgs;gif;jpg;jpeg;jpe;resx;tiff;tif;png;wav;mfcribbon-ms</Extensions>
    </Filter>
  </ItemGroup>
  <ItemGroup>
    <ClCompile Include="ml_cross_center.cpp">
      <Filter>Source Files</Filter>
    </ClCompile>
    <ClCompile Include="ml_periscope.cpp">
      <Filter>Source Files</Filter>
    </ClCompile>
    <ClCompile Include="ml_nonlinear_fit.cpp">
      <Filter>Source Files</Filter>
    </ClCompile>
    <ClCompile Include="ml_calibration.cpp">
      <Filter>Source Files</Filter>
    </ClCompile>
    <ClCompile Include="ml_alignment.cpp">
      <Filter>Source Files</Filter>
    </ClCompile>
    <ClCompile Include="ml_distortion_correction.cpp">
      <Filter>Source Files</Filter>
    </ClCompile>
    <ClCompile Include="ml_machine_vision.cpp">
      <Filter>Source Files</Filter>
    </ClCompile>
    <ClCompile Include="ml_two_cross.cpp">
      <Filter>Source Files</Filter>
    </ClCompile>
    <ClCompile Include="ml_circle_detect.cpp">
      <Filter>Source Files</Filter>
    </ClCompile>
    <ClCompile Include="mlalgorithmplugin.cpp">
      <Filter>Source Files</Filter>
    </ClCompile>
    <ClCompile Include="ml_measure.cpp">
      <Filter>Source Files</Filter>
    </ClCompile>
    <ClCompile Include="ml_image_public.cpp">
      <Filter>Source Files</Filter>
    </ClCompile>
    <ClCompile Include="CrossCenter.cpp">
      <Filter>Source Files</Filter>
    </ClCompile>
    <ClCompile Include="ml_gridDetect.cpp">
      <Filter>Source Files</Filter>
    </ClCompile>
    <ClCompile Include="FiducialDetect.cpp">
      <Filter>Source Files</Filter>
    </ClCompile>
    <ClCompile Include="ml_BMWfiducialDetect.cpp">
      <Filter>Source Files</Filter>
    </ClCompile>
    <ClCompile Include="ml_circlefiducialDetect.cpp">
      <Filter>Source Files</Filter>
    </ClCompile>
    <ClCompile Include="ml_linefiducialDetect.cpp">
      <Filter>Source Files</Filter>
    </ClCompile>
    <ClCompile Include="ml_rectanglefiducialDetect.cpp">
      <Filter>Source Files</Filter>
    </ClCompile>
    <ClCompile Include="ml_chessboardDetect.cpp">
      <Filter>Source Files</Filter>
    </ClCompile>
    <ClCompile Include="ml_deadpointDetect.cpp">
      <Filter>Source Files</Filter>
    </ClCompile>
    <ClCompile Include="find_centerCentroid.cpp">
      <Filter>Source Files</Filter>
    </ClCompile>
    <ClCompile Include="find_centerGaussian.cpp">
      <Filter>Source Files</Filter>
    </ClCompile>
    <ClCompile Include="find_centerGrad.cpp">
      <Filter>Source Files</Filter>
    </ClCompile>
    <ClCompile Include="find_centerLINES.cpp">
      <Filter>Source Files</Filter>
    </ClCompile>
    <ClCompile Include="find_centerMTF.cpp">
      <Filter>Source Files</Filter>
    </ClCompile>
    <ClCompile Include="find_centerTemplate.cpp">
      <Filter>Source Files</Filter>
    </ClCompile>
    <ClCompile Include="find_multiCrosshair.cpp">
      <Filter>Source Files</Filter>
    </ClCompile>
    <ClCompile Include="ml_chromaPara.cpp">
      <Filter>Source Files</Filter>
    </ClCompile>
    <ClCompile Include="ml_deadPara.cpp">
      <Filter>Source Files</Filter>
    </ClCompile>
    <ClCompile Include="ml_distortionPara.cpp">
      <Filter>Source Files</Filter>
    </ClCompile>
    <ClCompile Include="ml_ghostPara.cpp">
      <Filter>Source Files</Filter>
    </ClCompile>
    <ClCompile Include="ml_hydrus_2config.cpp">
      <Filter>Source Files</Filter>
    </ClCompile>
    <ClCompile Include="polygonIntersection.cpp">
      <Filter>Source Files</Filter>
    </ClCompile>
    <ClCompile Include="ml_AF.cpp">
      <Filter>Source Files</Filter>
    </ClCompile>
    <ClCompile Include="ml_matchTemplate.cpp">
      <Filter>Source Files</Filter>
    </ClCompile>
    <ClCompile Include="line2Dup.cpp">
      <Filter>Source Files</Filter>
    </ClCompile>
    <ClCompile Include="ml_rectangleDetection.cpp">
      <Filter>Source Files</Filter>
    </ClCompile>
    <ClCompile Include="ml_multiCrossHairDetection.cpp">
      <Filter>Source Files</Filter>
    </ClCompile>
    <ClCompile Include="ml_ImageQuality.cpp">
      <Filter>Source Files</Filter>
    </ClCompile>
    <ClCompile Include="ml_inputgratingDetect.cpp">
      <Filter>Source Files</Filter>
    </ClCompile>
    <ClCompile Include="ml_rigidTrans3D.cpp">
      <Filter>Source Files</Filter>
    </ClCompile>
    <ClCompile Include="MLCherkerboardDetect.cpp">
      <Filter>Source Files</Filter>
    </ClCompile>
    <ClCompile Include="MLGhostRectangleDetect.cpp">
      <Filter>Source Files</Filter>
    </ClCompile>
    <ClCompile Include="lsd.cpp">
      <Filter>Source Files</Filter>
    </ClCompile>
    <ClCompile Include="ML_CoordinateTransformation.cpp">
      <Filter>Source Files</Filter>
    </ClCompile>
  </ItemGroup>
  <ItemGroup>
    <ClInclude Include="ml_cross_center.h">
      <Filter>Header Files</Filter>
    </ClInclude>
    <ClInclude Include="ml_periscope.h">
      <Filter>Header Files</Filter>
    </ClInclude>
    <ClInclude Include="ml_nonlinear_fit.h">
      <Filter>Header Files</Filter>
    </ClInclude>
    <ClInclude Include="ml_cailbration.h">
      <Filter>Header Files</Filter>
    </ClInclude>
    <ClInclude Include="ml_alignment.h">
      <Filter>Header Files</Filter>
    </ClInclude>
    <ClInclude Include="ml_distortion_correction.h">
      <Filter>Header Files</Filter>
    </ClInclude>
    <ClInclude Include="ml_machine_vision.h">
      <Filter>Header Files</Filter>
    </ClInclude>
    <ClInclude Include="ml_two_cross.h">
      <Filter>Header Files</Filter>
    </ClInclude>
    <ClInclude Include="ml_circle_detect.h">
      <Filter>Header Files</Filter>
    </ClInclude>
    <ClInclude Include="mlalgorithm_global.h">
      <Filter>Header Files</Filter>
    </ClInclude>
    <ClInclude Include="ml_measure.h">
      <Filter>Header Files</Filter>
    </ClInclude>
    <ClInclude Include="ml_image_public.h">
      <Filter>Header Files</Filter>
    </ClInclude>
    <ClInclude Include="CrossCenter.h">
      <Filter>Header Files</Filter>
    </ClInclude>
    <ClInclude Include="ml_gridDetect.h">
      <Filter>Header Files</Filter>
    </ClInclude>
    <ClInclude Include="FiducialDetect.h">
      <Filter>Header Files</Filter>
    </ClInclude>
    <ClInclude Include="ml_BMWfiducialDetect.h">
      <Filter>Header Files</Filter>
    </ClInclude>
    <ClInclude Include="ml_circlefiducialDetect.h">
      <Filter>Header Files</Filter>
    </ClInclude>
    <ClInclude Include="ml_linefiducialDetect.h">
      <Filter>Header Files</Filter>
    </ClInclude>
    <ClInclude Include="ml_rectanglefiducialDetect.h">
      <Filter>Header Files</Filter>
    </ClInclude>
    <ClInclude Include="ml_chessboardDetect.h">
      <Filter>Header Files</Filter>
    </ClInclude>
    <ClInclude Include="ml_deadpointDetect.h">
      <Filter>Header Files</Filter>
    </ClInclude>
    <ClInclude Include="find_multiCrosshair.h">
      <Filter>Header Files</Filter>
    </ClInclude>
    <ClInclude Include="ml_chromaPara.h">
      <Filter>Header Files</Filter>
    </ClInclude>
    <ClInclude Include="ml_deadPara.h">
      <Filter>Header Files</Filter>
    </ClInclude>
    <ClInclude Include="ml_distortionPara.h">
      <Filter>Header Files</Filter>
    </ClInclude>
    <ClInclude Include="ml_ghostPara.h">
      <Filter>Header Files</Filter>
    </ClInclude>
    <ClInclude Include="ml_hydrus_2config.h">
      <Filter>Header Files</Filter>
    </ClInclude>
    <ClInclude Include="polygonIntersection.h">
      <Filter>Header Files</Filter>
    </ClInclude>
    <ClInclude Include="ml_AF.h">
      <Filter>Header Files</Filter>
    </ClInclude>
    <ClInclude Include="ml_matchTemplate.h">
      <Filter>Header Files</Filter>
    </ClInclude>
    <ClInclude Include="line2Dup.h">
      <Filter>Header Files</Filter>
    </ClInclude>
    <ClInclude Include="ml_rectangleDetection.h">
      <Filter>Header Files</Filter>
    </ClInclude>
    <ClInclude Include="ml_multiCrossHairDetection.h">
      <Filter>Header Files</Filter>
    </ClInclude>
    <ClInclude Include="ml_ImageQuality.h">
      <Filter>Header Files</Filter>
    </ClInclude>
    <ClInclude Include="ml_inputgratingDetect.h">
      <Filter>Header Files</Filter>
    </ClInclude>
    <ClInclude Include="ml_rigidTrans3D.h">
      <Filter>Header Files</Filter>
    </ClInclude>
    <ClInclude Include="MLCherkerboardDetect.h">
      <Filter>Header Files</Filter>
    </ClInclude>
    <ClInclude Include="MLGhostRectangleDetect.h">
      <Filter>Header Files</Filter>
    </ClInclude>
    <ClInclude Include="lsd.h">
      <Filter>Header Files</Filter>
    </ClInclude>
    <ClInclude Include="ML_CoordinateTransformation.h">
      <Filter>Header Files</Filter>
    </ClInclude>
    <ClInclude Include="mlalgorithmplugin.h">
      <Filter>Header Files</Filter>
    </ClInclude>
  </ItemGroup>
</Project>