<?xml version="1.0" encoding="utf-8"?>
<Project ToolsVersion="4.0" xmlns="http://schemas.microsoft.com/developer/msbuild/2003">
  <ItemGroup>
    <Filter Include="Source Files">
      <UniqueIdentifier>{4FC737F1-C7A5-4376-A066-2A32D752A2FF}</UniqueIdentifier>
      <Extensions>qml;cpp;c;cc;cxx;def;odl;idl;hpj;bat;asm;asmx</Extensions>
    </Filter>
    <Filter Include="Header Files">
      <UniqueIdentifier>{93995380-89BD-4b04-88EB-625FBE52EBFB}</UniqueIdentifier>
      <Extensions>h;hh;hpp;hxx;hm;inl;inc;xsd</Extensions>
    </Filter>
    <Filter Include="Resource Files">
      <UniqueIdentifier>{67DA6AB6-F800-4c08-8B7A-83BB121AAD01}</UniqueIdentifier>
      <Extensions>qrc;rc;ico;cur;bmp;dlg;rc2;rct;bin;rgs;gif;jpg;jpeg;jpe;resx;tiff;tif;png;wav;mfcribbon-ms</Extensions>
    </Filter>
    <Filter Include="Form Files">
      <UniqueIdentifier>{99349809-55BA-4b9d-BF79-8FDBB0286EB3}</UniqueIdentifier>
      <Extensions>ui</Extensions>
    </Filter>
    <Filter Include="Translation Files">
      <UniqueIdentifier>{639EADAA-A684-42e4-A9AD-28FC9BCB8F7C}</UniqueIdentifier>
      <Extensions>ts</Extensions>
    </Filter>
  </ItemGroup>
  <ItemGroup>
    <ClInclude Include="core_global.h">
      <Filter>Header Files</Filter>
    </ClInclude>
    <ClCompile Include="coreplugin.cpp">
      <Filter>Source Files</Filter>
    </ClCompile>
    <ClInclude Include="statusbarmanager.h">
      <Filter>Header Files</Filter>
    </ClInclude>
    <ClInclude Include="coreconstants.h">
      <Filter>Header Files</Filter>
    </ClInclude>
    <ClInclude Include="ansiescapecodehandler.h">
      <Filter>Header Files</Filter>
    </ClInclude>
    <ClInclude Include="outputformat.h">
      <Filter>Header Files</Filter>
    </ClInclude>
    <ClInclude Include="theme\stylehelper.h">
      <Filter>Header Files</Filter>
    </ClInclude>
    <ClInclude Include="theme\theme_p.h">
      <Filter>Header Files</Filter>
    </ClInclude>
    <ClInclude Include="theme\themechooser.h">
      <Filter>Header Files</Filter>
    </ClInclude>
    <ClInclude Include="loggingwrapper.h">
      <Filter>Header Files</Filter>
    </ClInclude>
  </ItemGroup>
  <ItemGroup>
    <ClCompile Include="mainwindow.cpp">
      <Filter>Source Files</Filter>
    </ClCompile>
    <ClCompile Include="fancytab.cpp">
      <Filter>Source Files</Filter>
    </ClCompile>
    <ClCompile Include="fancytabbar.cpp">
      <Filter>Source Files</Filter>
    </ClCompile>
    <ClCompile Include="fancytabwidget.cpp">
      <Filter>Source Files</Filter>
    </ClCompile>
    <ClCompile Include="icontext.cpp">
      <Filter>Source Files</Filter>
    </ClCompile>
    <ClCompile Include="imode.cpp">
      <Filter>Source Files</Filter>
    </ClCompile>
    <ClCompile Include="modemanager.cpp">
      <Filter>Source Files</Filter>
    </ClCompile>
    <ClCompile Include="rightpane.cpp">
      <Filter>Source Files</Filter>
    </ClCompile>
    <ClCompile Include="statusbarmanager.cpp">
      <Filter>Source Files</Filter>
    </ClCompile>
    <ClCompile Include="icore.cpp">
      <Filter>Source Files</Filter>
    </ClCompile>
    <ClCompile Include="actionmanager\actioncontainer.cpp">
      <Filter>Source Files</Filter>
    </ClCompile>
    <ClCompile Include="actionmanager\actionmanager.cpp">
      <Filter>Source Files</Filter>
    </ClCompile>
    <ClCompile Include="actionmanager\command.cpp">
      <Filter>Source Files</Filter>
    </ClCompile>
    <ClCompile Include="proxyaction.cpp">
      <Filter>Source Files</Filter>
    </ClCompile>
    <ClCompile Include="outputpane.cpp">
      <Filter>Source Files</Filter>
    </ClCompile>
    <ClCompile Include="outputwindow.cpp">
      <Filter>Source Files</Filter>
    </ClCompile>
    <ClCompile Include="ansiescapecodehandler.cpp">
      <Filter>Source Files</Filter>
    </ClCompile>
    <ClCompile Include="outputformatter.cpp">
      <Filter>Source Files</Filter>
    </ClCompile>
    <ClCompile Include="logmanager.cpp">
      <Filter>Source Files</Filter>
    </ClCompile>
    <ClCompile Include="styledbar.cpp">
      <Filter>Source Files</Filter>
    </ClCompile>
    <ClCompile Include="theme\manhattanstyle.cpp">
      <Filter>Source Files</Filter>
    </ClCompile>
    <ClCompile Include="theme\stylehelper.cpp">
      <Filter>Source Files</Filter>
    </ClCompile>
    <ClCompile Include="theme\theme.cpp">
      <Filter>Source Files</Filter>
    </ClCompile>
    <ClCompile Include="theme\styleanimator.cpp">
      <Filter>Source Files</Filter>
    </ClCompile>
    <ClCompile Include="theme\themechooser.cpp">
      <Filter>Source Files</Filter>
    </ClCompile>
    <ClCompile Include="itoolbox.cpp">
      <Filter>Source Files</Filter>
    </ClCompile>
    <ClCompile Include="loggingwrapper.cpp">
      <Filter>Source Files</Filter>
    </ClCompile>
    <ClCompile Include="IAction.cpp">
      <Filter>Source Files</Filter>
    </ClCompile>
    <ClCompile Include="loginform.cpp">
      <Filter>Source Files</Filter>
    </ClCompile>
    <ClCompile Include="..\..\extlib\logplus\LogPlus.cpp">
      <Filter>Source Files</Filter>
    </ClCompile>
  </ItemGroup>
  <ItemGroup>
    <QtMoc Include="mainwindow.h">
      <Filter>Header Files</Filter>
    </QtMoc>
    <QtMoc Include="coreplugin.h">
      <Filter>Header Files</Filter>
    </QtMoc>
    <QtMoc Include="fancytabbar.h">
      <Filter>Header Files</Filter>
    </QtMoc>
    <QtMoc Include="fancytabwidget.h">
      <Filter>Header Files</Filter>
    </QtMoc>
    <QtMoc Include="icontext.h">
      <Filter>Header Files</Filter>
    </QtMoc>
    <QtMoc Include="imode.h">
      <Filter>Header Files</Filter>
    </QtMoc>
    <QtMoc Include="modemanager.h">
      <Filter>Header Files</Filter>
    </QtMoc>
    <QtMoc Include="rightpane.h">
      <Filter>Header Files</Filter>
    </QtMoc>
    <QtMoc Include="icore.h">
      <Filter>Header Files</Filter>
    </QtMoc>
    <QtMoc Include="actionmanager\actioncontainer.h">
      <Filter>Header Files</Filter>
    </QtMoc>
    <QtMoc Include="actionmanager\actioncontainer_p.h">
      <Filter>Header Files</Filter>
    </QtMoc>
    <QtMoc Include="actionmanager\actionmanager.h">
      <Filter>Header Files</Filter>
    </QtMoc>
    <QtMoc Include="actionmanager\actionmanager_p.h">
      <Filter>Header Files</Filter>
    </QtMoc>
    <QtMoc Include="actionmanager\command.h">
      <Filter>Header Files</Filter>
    </QtMoc>
    <QtMoc Include="actionmanager\command_p.h">
      <Filter>Header Files</Filter>
    </QtMoc>
    <QtMoc Include="proxyaction.h">
      <Filter>Header Files</Filter>
    </QtMoc>
    <QtMoc Include="outputpane.h">
      <Filter>Header Files</Filter>
    </QtMoc>
    <QtMoc Include="outputwindow.h">
      <Filter>Header Files</Filter>
    </QtMoc>
    <QtMoc Include="outputformatter.h">
      <Filter>Header Files</Filter>
    </QtMoc>
    <QtMoc Include="logmanager.h">
      <Filter>Header Files</Filter>
    </QtMoc>
    <QtMoc Include="styledbar.h">
      <Filter>Header Files</Filter>
    </QtMoc>
    <QtMoc Include="theme\manhattanstyle.h">
      <Filter>Header Files</Filter>
    </QtMoc>
    <QtMoc Include="theme\theme.h">
      <Filter>Header Files</Filter>
    </QtMoc>
    <QtMoc Include="theme\styleanimator.h">
      <Filter>Header Files</Filter>
    </QtMoc>
    <QtMoc Include="fancytab.h">
      <Filter>Header Files</Filter>
    </QtMoc>
    <QtMoc Include="itoolbox.h">
      <Filter>Header Files</Filter>
    </QtMoc>
    <QtMoc Include="IAction.h">
      <Filter>Header Files</Filter>
    </QtMoc>
    <QtMoc Include="loginform.h">
      <Filter>Header Files</Filter>
    </QtMoc>
  </ItemGroup>
  <ItemGroup>
    <QtUic Include="fancytabwidget.ui">
      <Filter>Form Files</Filter>
    </QtUic>
    <QtUic Include="loginDialog.ui">
      <Filter>Form Files</Filter>
    </QtUic>
  </ItemGroup>
  <ItemGroup>
    <QtRcc Include="core.qrc">
      <Filter>Resource Files</Filter>
    </QtRcc>
  </ItemGroup>
  <ItemGroup>
    <None Include="..\pluginsystem\pluginsystem.vcxproj" />
  </ItemGroup>
</Project>