<?xml version="1.0" encoding="utf-8"?>
<Project ToolsVersion="4.0" xmlns="http://schemas.microsoft.com/developer/msbuild/2003">
  <ItemGroup>
    <Filter Include="Source Files">
      <UniqueIdentifier>{4FC737F1-C7A5-4376-A066-2A32D752A2FF}</UniqueIdentifier>
      <Extensions>qml;cpp;c;cc;cxx;def;odl;idl;hpj;bat;asm;asmx</Extensions>
    </Filter>
    <Filter Include="Header Files">
      <UniqueIdentifier>{93995380-89BD-4b04-88EB-625FBE52EBFB}</UniqueIdentifier>
      <Extensions>h;hh;hpp;hxx;hm;inl;inc;xsd</Extensions>
    </Filter>
    <Filter Include="Resource Files">
      <UniqueIdentifier>{67DA6AB6-F800-4c08-8B7A-83BB121AAD01}</UniqueIdentifier>
      <Extensions>qrc;rc;ico;cur;bmp;dlg;rc2;rct;bin;rgs;gif;jpg;jpeg;jpe;resx;tiff;tif;png;wav;mfcribbon-ms</Extensions>
    </Filter>
    <Filter Include="Form Files">
      <UniqueIdentifier>{99349809-55BA-4b9d-BF79-8FDBB0286EB3}</UniqueIdentifier>
      <Extensions>ui</Extensions>
    </Filter>
    <Filter Include="Translation Files">
      <UniqueIdentifier>{639EADAA-A684-42e4-A9AD-28FC9BCB8F7C}</UniqueIdentifier>
      <Extensions>ts</Extensions>
    </Filter>
    <Filter Include="Recipe_Node">
      <UniqueIdentifier>{92076e6e-349b-4401-bae6-1ec0bc40aa55}</UniqueIdentifier>
    </Filter>
  </ItemGroup>
  <ItemGroup>
    <ClInclude Include="alignment_global.h">
      <Filter>Header Files</Filter>
    </ClInclude>
    <ClInclude Include="ImageManage.h">
      <Filter>Header Files</Filter>
    </ClInclude>
    <ClInclude Include="DistanceManage.h">
      <Filter>Header Files</Filter>
    </ClInclude>
    <ClInclude Include="AlignUtils.h">
      <Filter>Header Files</Filter>
    </ClInclude>
    <ClInclude Include="toml.hpp">
      <Filter>Header Files</Filter>
    </ClInclude>
    <ClInclude Include="MLImageTransformHelper.h">
      <Filter>Header Files</Filter>
    </ClInclude>
    <ClInclude Include="AnalyzeRecipe.h">
      <Filter>Header Files</Filter>
    </ClInclude>
    <ClInclude Include="CaptureFiducialImage.h">
      <Filter>Header Files</Filter>
    </ClInclude>
    <ClInclude Include="CustomSpinboxDelegate.h">
      <Filter>Header Files</Filter>
    </ClInclude>
    <ClInclude Include="WaitPause.h">
      <Filter>Header Files</Filter>
    </ClInclude>
    <ClInclude Include="FileCsv.h">
      <Filter>Header Files</Filter>
    </ClInclude>
    <ClInclude Include="DistanceCheck.h">
      <Filter>Header Files</Filter>
    </ClInclude>
    <ClInclude Include="AxesTransfer2D.h">
      <Filter>Header Files</Filter>
    </ClInclude>
    <ClInclude Include="dutConfig.h">
      <Filter>Header Files</Filter>
    </ClInclude>
    <ClInclude Include="processConfig.h">
      <Filter>Header Files</Filter>
    </ClInclude>
    <ClInclude Include="dutTypeConfig.h">
      <Filter>Header Files</Filter>
    </ClInclude>
    <ClInclude Include="slbConfig.h">
      <Filter>Header Files</Filter>
    </ClInclude>
  </ItemGroup>
  <ItemGroup>
    <ClCompile Include="ImageManage.cpp">
      <Filter>Source Files</Filter>
    </ClCompile>
    <ClCompile Include="DistanceManage.cpp">
      <Filter>Source Files</Filter>
    </ClCompile>
    <ClCompile Include="AlignUtils.cpp">
      <Filter>Source Files</Filter>
    </ClCompile>
    <ClCompile Include="AlignWidget.cpp">
      <Filter>Source Files</Filter>
    </ClCompile>
    <ClCompile Include="AlignPlugin.cpp">
      <Filter>Source Files</Filter>
    </ClCompile>
    <ClCompile Include="AlignWrapper.cpp">
      <Filter>Source Files</Filter>
    </ClCompile>
    <ClCompile Include="DeviceControlWidget.cpp">
      <Filter>Source Files</Filter>
    </ClCompile>
    <ClCompile Include="MoveWidget.cpp">
      <Filter>Source Files</Filter>
    </ClCompile>
    <ClCompile Include="fiducialpoint.cpp">
      <Filter>Source Files</Filter>
    </ClCompile>
    <ClCompile Include="CameraModel.cpp">
      <Filter>Source Files</Filter>
    </ClCompile>
    <ClCompile Include="CameraViewer.cpp">
      <Filter>Source Files</Filter>
    </ClCompile>
    <ClCompile Include="MLImageTransformHelper.cpp">
      <Filter>Source Files</Filter>
    </ClCompile>
    <ClCompile Include="calibratewidget.cpp">
      <Filter>Source Files</Filter>
    </ClCompile>
    <ClCompile Include="AnalyzeRecipe.cpp">
      <Filter>Source Files</Filter>
    </ClCompile>
    <ClCompile Include="AutoExposureWidget.cpp">
      <Filter>Source Files</Filter>
    </ClCompile>
    <ClCompile Include="Alignment3D.cpp">
      <Filter>Source Files</Filter>
    </ClCompile>
    <ClCompile Include="DistanceSensorWidget.cpp">
      <Filter>Source Files</Filter>
    </ClCompile>
    <ClCompile Include="CalibrateControlWidget.cpp">
      <Filter>Source Files</Filter>
    </ClCompile>
    <ClCompile Include="FiducialConfigWidget.cpp">
      <Filter>Source Files</Filter>
    </ClCompile>
    <ClCompile Include="FiducialCalibrateWidget.cpp">
      <Filter>Source Files</Filter>
    </ClCompile>
    <ClCompile Include="CaptureFiducialImage.cpp">
      <Filter>Source Files</Filter>
    </ClCompile>
    <ClCompile Include="WaitPause.cpp">
      <Filter>Source Files</Filter>
    </ClCompile>
    <ClCompile Include="DutEyeboxWidget.cpp">
      <Filter>Source Files</Filter>
    </ClCompile>
    <ClCompile Include="FileCsv.cpp">
      <Filter>Source Files</Filter>
    </ClCompile>
    <ClCompile Include="DutConfigAction.cpp">
      <Filter>Source Files</Filter>
    </ClCompile>
    <ClCompile Include="CdsWidget.cpp">
      <Filter>Source Files</Filter>
    </ClCompile>
    <ClCompile Include="Alignment2D.cpp">
      <Filter>Source Files</Filter>
    </ClCompile>
    <ClCompile Include="DistanceCheck.cpp">
      <Filter>Source Files</Filter>
    </ClCompile>
    <ClCompile Include="DeviceControlWidget2D.cpp">
      <Filter>Source Files</Filter>
    </ClCompile>
    <ClCompile Include="MoveWidget2D.cpp">
      <Filter>Source Files</Filter>
    </ClCompile>
    <ClCompile Include="AxesTransfer2D.cpp">
      <Filter>Source Files</Filter>
    </ClCompile>
    <ClCompile Include="DUTAA4Recipe.cpp">
      <Filter>Recipe_Node</Filter>
    </ClCompile>
    <ClCompile Include="dutConfig.cpp">
      <Filter>Source Files</Filter>
    </ClCompile>
    <ClCompile Include="processConfig.cpp">
      <Filter>Source Files</Filter>
    </ClCompile>
    <ClCompile Include="MotionProcess.cpp">
      <Filter>Source Files</Filter>
    </ClCompile>
    <ClCompile Include="dutTypeConfig.cpp">
      <Filter>Source Files</Filter>
    </ClCompile>
    <ClCompile Include="slbConfig.cpp">
      <Filter>Source Files</Filter>
    </ClCompile>
    <ClCompile Include="LimitMove.cpp">
      <Filter>Source Files</Filter>
    </ClCompile>
    <ClCompile Include="SelectFiducialWidget.cpp">
      <Filter>Source Files</Filter>
    </ClCompile>
    <ClCompile Include="webcamera\CamereAction.cpp">
      <Filter>Source Files</Filter>
    </ClCompile>
    <ClCompile Include="webcamera\qtcamera.cpp">
      <Filter>Source Files</Filter>
    </ClCompile>
    <ClCompile Include="PImotion4Recipe.cpp">
      <Filter>Recipe_Node</Filter>
    </ClCompile>
    <ClCompile Include="DUTMotionOriWidget.cpp">
      <Filter>Source Files</Filter>
    </ClCompile>
    <ClCompile Include="LightAdjustWidget.cpp">
      <Filter>Source Files</Filter>
    </ClCompile>
  </ItemGroup>
  <ItemGroup>
    <QtMoc Include="AlignWidget.h">
      <Filter>Header Files</Filter>
    </QtMoc>
    <QtMoc Include="AlignPlugin.h">
      <Filter>Header Files</Filter>
    </QtMoc>
    <QtMoc Include="AlignWrapper.h">
      <Filter>Header Files</Filter>
    </QtMoc>
    <QtMoc Include="MoveWidget.h">
      <Filter>Header Files</Filter>
    </QtMoc>
    <QtMoc Include="fiducialpoint.h">
      <Filter>Header Files</Filter>
    </QtMoc>
    <QtMoc Include="CameraModel.h">
      <Filter>Header Files</Filter>
    </QtMoc>
    <QtMoc Include="CameraViewer.h">
      <Filter>Header Files</Filter>
    </QtMoc>
    <QtMoc Include="calibratewidget.h">
      <Filter>Header Files</Filter>
    </QtMoc>
    <QtMoc Include="AutoExposureWidget.h">
      <Filter>Header Files</Filter>
    </QtMoc>
    <QtMoc Include="Alignment3D.h">
      <Filter>Header Files</Filter>
    </QtMoc>
    <QtMoc Include="DistanceSensorWidget.h">
      <Filter>Header Files</Filter>
    </QtMoc>
    <QtMoc Include="CalibrateControlWidget.h">
      <Filter>Header Files</Filter>
    </QtMoc>
    <QtMoc Include="FiducialConfigWidget.h">
      <Filter>Header Files</Filter>
    </QtMoc>
    <QtMoc Include="FiducialCalibrateWidget.h">
      <Filter>Header Files</Filter>
    </QtMoc>
    <QtMoc Include="DeviceControlWidget.h">
      <Filter>Header Files</Filter>
    </QtMoc>
    <QtMoc Include="DutEyeboxWidget.h">
      <Filter>Header Files</Filter>
    </QtMoc>
    <QtMoc Include="DutConfigAction.h">
      <Filter>Header Files</Filter>
    </QtMoc>
    <QtMoc Include="CdsWidget.h">
      <Filter>Header Files</Filter>
    </QtMoc>
    <QtMoc Include="Alignment2D.h">
      <Filter>Header Files</Filter>
    </QtMoc>
    <QtMoc Include="DeviceControlWidget2D.h">
      <Filter>Header Files</Filter>
    </QtMoc>
    <QtMoc Include="MoveWidget2D.h">
      <Filter>Header Files</Filter>
    </QtMoc>
    <QtMoc Include="DUTAA4Recipe.h">
      <Filter>Recipe_Node</Filter>
    </QtMoc>
    <QtMoc Include="MotionProcess.h">
      <Filter>Header Files</Filter>
    </QtMoc>
    <QtMoc Include="LimitMove.h">
      <Filter>Header Files</Filter>
    </QtMoc>
    <QtMoc Include="SelectFiducialWidget.h">
      <Filter>Header Files</Filter>
    </QtMoc>
    <QtMoc Include="webcamera\CamereAction.h">
      <Filter>Header Files</Filter>
    </QtMoc>
    <QtMoc Include="webcamera\qtcamera.h">
      <Filter>Header Files</Filter>
    </QtMoc>
    <QtMoc Include="PImotion4Recipe.h">
      <Filter>Recipe_Node</Filter>
    </QtMoc>
    <QtMoc Include="DUTMotionOriWidget.h">
      <Filter>Header Files</Filter>
    </QtMoc>
    <QtMoc Include="LightAdjustWidget.h">
      <Filter>Header Files</Filter>
    </QtMoc>
  </ItemGroup>
  <ItemGroup>
    <QtUic Include="AlignWidget.ui">
      <Filter>Form Files</Filter>
    </QtUic>
    <QtUic Include="DeviceControlWidget.ui">
      <Filter>Form Files</Filter>
    </QtUic>
    <QtUic Include="MoveWidget.ui">
      <Filter>Form Files</Filter>
    </QtUic>
    <QtUic Include="calibratewidget.ui">
      <Filter>Form Files</Filter>
    </QtUic>
    <QtUic Include="AutoExposureWidget.ui">
      <Filter>Form Files</Filter>
    </QtUic>
    <QtUic Include="DistanceSensorWidget.ui">
      <Filter>Form Files</Filter>
    </QtUic>
    <QtUic Include="CalibrateControlWidget.ui">
      <Filter>Form Files</Filter>
    </QtUic>
    <QtUic Include="FiducialConfigWidget.ui">
      <Filter>Form Files</Filter>
    </QtUic>
    <QtUic Include="FiducialCalibrateWidget.ui">
      <Filter>Form Files</Filter>
    </QtUic>
    <QtUic Include="DutEyeboxWidget.ui">
      <Filter>Form Files</Filter>
    </QtUic>
    <QtUic Include="CdsWidget.ui">
      <Filter>Form Files</Filter>
    </QtUic>
    <QtUic Include="DeviceControlWidget2D.ui">
      <Filter>Form Files</Filter>
    </QtUic>
    <QtUic Include="MoveWidget2D.ui">
      <Filter>Form Files</Filter>
    </QtUic>
    <QtUic Include="DUTMotionOriWidget.ui">
      <Filter>Form Files</Filter>
    </QtUic>
    <QtUic Include="LightAdjustWidget.ui">
      <Filter>Form Files</Filter>
    </QtUic>
  </ItemGroup>
  <ItemGroup>
    <QtRcc Include="Resource.qrc">
      <Filter>Resource Files</Filter>
    </QtRcc>
  </ItemGroup>
  <ItemGroup>
    <None Include="cpp.hint" />
  </ItemGroup>
</Project>