<?xml version="1.0" encoding="utf-8"?>
<Project xmlns="http://schemas.microsoft.com/developer/msbuild/2003">
  <ItemGroup>
    <Filter Include="Generated Files">
      <UniqueIdentifier>{71ED8ED8-ACB9-4CE9-BBE1-E00B30144E11}</UniqueIdentifier>
      <Extensions>cpp;c;cxx;moc;h;def;odl;idl;res;</Extensions>
    </Filter>
    <Filter Include="Generated Files">
      <UniqueIdentifier>{71ED8ED8-ACB9-4CE9-BBE1-E00B30144E11}</UniqueIdentifier>
      <Extensions>cpp;c;cxx;moc;h;def;odl;idl;res;</Extensions>
    </Filter>
    <Filter Include="Header Files">
      <UniqueIdentifier>{93995380-89BD-4b04-88EB-625FBE52EBFB}</UniqueIdentifier>
      <Extensions>h;hpp;hxx;hm;inl;inc;xsd</Extensions>
    </Filter>
    <Filter Include="Header Files">
      <UniqueIdentifier>{93995380-89BD-4b04-88EB-625FBE52EBFB}</UniqueIdentifier>
      <Extensions>h;hpp;hxx;hm;inl;inc;xsd</Extensions>
    </Filter>
    <Filter Include="Source Files">
      <UniqueIdentifier>{4FC737F1-C7A5-4376-A066-2A32D752A2FF}</UniqueIdentifier>
      <Extensions>cpp;c;cxx;def;odl;idl;hpj;bat;asm;asmx</Extensions>
    </Filter>
    <Filter Include="Source Files">
      <UniqueIdentifier>{4FC737F1-C7A5-4376-A066-2A32D752A2FF}</UniqueIdentifier>
      <Extensions>cpp;c;cxx;def;odl;idl;hpj;bat;asm;asmx</Extensions>
    </Filter>
    <Filter Include="Distribution Files">
      <UniqueIdentifier>{B83CAF91-C7BF-462F-B76C-EA11631F866C}</UniqueIdentifier>
      <Extensions>*</Extensions>
      <ParseFiles>false</ParseFiles>
    </Filter>
    <Filter Include="Distribution Files">
      <UniqueIdentifier>{B83CAF91-C7BF-462F-B76C-EA11631F866C}</UniqueIdentifier>
      <Extensions>*</Extensions>
      <ParseFiles>false</ParseFiles>
    </Filter>
  </ItemGroup>
  <ItemGroup>
    <ClCompile Include="cameradetector.cpp">
      <Filter>Source Files</Filter>
    </ClCompile>
    <ClCompile Include="eliminatehotpixel.cpp">
      <Filter>Source Files</Filter>
    </ClCompile>
    <ClCompile Include="ml_camera_observer.cpp">
      <Filter>Source Files</Filter>
    </ClCompile>
    <ClCompile Include="ml_camera_system.cpp">
      <Filter>Source Files</Filter>
    </ClCompile>
    <ClCompile Include="ml_frame_observer.cpp">
      <Filter>Source Files</Filter>
    </ClCompile>
    <ClCompile Include="ml_vimba_camera.cpp">
      <Filter>Source Files</Filter>
    </ClCompile>
    <ClCompile Include="CameraModel.cpp">
      <Filter>Source Files</Filter>
    </ClCompile>
    <ClCompile Include="MLImageTransformHelper.cpp">
      <Filter>Source Files</Filter>
    </ClCompile>
    <ClCompile Include="AutoExposureWidget.cpp">
      <Filter>Generated Files</Filter>
    </ClCompile>
    <ClCompile Include="multicamerdisplaytest.cpp">
      <Filter>Generated Files</Filter>
    </ClCompile>
    <ClCompile Include="ml_exposure_auto.cpp">
      <Filter>Generated Files</Filter>
    </ClCompile>
  </ItemGroup>
  <ItemGroup>
    <QtMoc Include="cameradetector.h">
      <Filter>Header Files</Filter>
    </QtMoc>
    <ClInclude Include="cameradetector_global.h">
      <Filter>Header Files</Filter>
    </ClInclude>
    <ClInclude Include="cameradetectorconstants.h">
      <Filter>Header Files</Filter>
    </ClInclude>
    <QtMoc Include="CameraModel.h">
      <Filter>Header Files</Filter>
    </QtMoc>
    <QtMoc Include="AutoExposureWidget.h">
      <Filter>Generated Files</Filter>
    </QtMoc>
    <QtMoc Include="ml_vimba_camera.h">
      <Filter>Header Files</Filter>
    </QtMoc>
    <QtMoc Include="multicamerdisplaytest.h">
      <Filter>Generated Files</Filter>
    </QtMoc>
  </ItemGroup>
  <ItemGroup>
    <None Include=".\CMakeLists.txt" />
    <None Include=".\CameraDetector.json.in" />
  </ItemGroup>
  <ItemGroup>
    <ResourceCompile Include=".\CameraDetector_resource.rc" />
    <ResourceCompile Include=".\CameraDetectord_resource.rc" />
  </ItemGroup>
  <ItemGroup>
    <ClInclude Include="eliminatehotpixel.h">
      <Filter>Header Files</Filter>
    </ClInclude>
    <ClInclude Include="ml_camera_observer.h">
      <Filter>Header Files</Filter>
    </ClInclude>
    <ClInclude Include="ml_camera_system.h">
      <Filter>Header Files</Filter>
    </ClInclude>
    <ClInclude Include="ml_frame_observer.h">
      <Filter>Header Files</Filter>
    </ClInclude>
    <ClInclude Include="MLImageTransformHelper.h">
      <Filter>Header Files</Filter>
    </ClInclude>
    <ClInclude Include="ml_exposure_auto.h">
      <Filter>Generated Files</Filter>
    </ClInclude>
  </ItemGroup>
  <ItemGroup>
    <QtUic Include="AutoExposureWidget.ui" />
    <QtUic Include="multicamerdisplaytest.ui" />
  </ItemGroup>
</Project>