<?xml version="1.0" encoding="utf-8"?>
<Project ToolsVersion="4.0" xmlns="http://schemas.microsoft.com/developer/msbuild/2003">
  <ItemGroup>
    <Filter Include="Source Files">
      <UniqueIdentifier>{4FC737F1-C7A5-4376-A066-2A32D752A2FF}</UniqueIdentifier>
      <Extensions>cpp;c;cc;cxx;def;odl;idl;hpj;bat;asm;asmx</Extensions>
    </Filter>
    <Filter Include="Header Files">
      <UniqueIdentifier>{93995380-89BD-4b04-88EB-625FBE52EBFB}</UniqueIdentifier>
      <Extensions>h;hh;hpp;hxx;hm;inl;inc;xsd</Extensions>
    </Filter>
    <Filter Include="Resource Files">
      <UniqueIdentifier>{67DA6AB6-F800-4c08-8B7A-83BB121AAD01}</UniqueIdentifier>
      <Extensions>qrc;rc;ico;cur;bmp;dlg;rc2;rct;bin;rgs;gif;jpg;jpeg;jpe;resx;tiff;tif;png;wav;mfcribbon-ms</Extensions>
    </Filter>
    <Filter Include="Translation Files">
      <UniqueIdentifier>{639EADAA-A684-42e4-A9AD-28FC9BCB8F7C}</UniqueIdentifier>
      <Extensions>ts</Extensions>
    </Filter>
  </ItemGroup>
  <ItemGroup>
    <ClInclude Include="pimotionactor_global.h">
      <Filter>Header Files</Filter>
    </ClInclude>
    <ClCompile Include="pimotionactorplugin.cpp">
      <Filter>Source Files</Filter>
    </ClCompile>
    <ClInclude Include="MLACSCController3D.h">
      <Filter>Header Files</Filter>
    </ClInclude>
    <ClInclude Include="PIController.h">
      <Filter>Header Files</Filter>
    </ClInclude>
    <ClInclude Include="MLACSController2D.h">
      <Filter>Header Files</Filter>
    </ClInclude>
    <ClInclude Include="ConfigMAInfo.h">
      <Filter>Header Files</Filter>
    </ClInclude>
    <ClInclude Include="configItem.h">
      <Filter>Header Files</Filter>
    </ClInclude>
    <ClInclude Include="MLACSController1D.h">
      <Filter>Header Files</Filter>
    </ClInclude>
    <ClInclude Include="MoveLimit.h">
      <Filter>Header Files</Filter>
    </ClInclude>
    <ClInclude Include="MoveLimitConfig.h">
      <Filter>Header Files</Filter>
    </ClInclude>
    <ClInclude Include="DutProjectorCalibrate.h">
      <Filter>Header Files</Filter>
    </ClInclude>
    <ClInclude Include="calibrationconfig.h">
      <Filter>Header Files</Filter>
    </ClInclude>
    <ClInclude Include="FiducialConfig.h">
      <Filter>Header Files</Filter>
    </ClInclude>
    <ClInclude Include="MoveLimitJX.h">
      <Filter>Header Files</Filter>
    </ClInclude>
    <ClInclude Include="MoveLimitConfigJX.h">
      <Filter>Header Files</Filter>
    </ClInclude>
    <ClInclude Include="MLPLCController2D.h">
      <Filter>Header Files</Filter>
    </ClInclude>
  </ItemGroup>
  <ItemGroup>
    <QtMoc Include="pimotionactorplugin.h">
      <Filter>Header Files</Filter>
    </QtMoc>
    <QtMoc Include="Motion3DModel.h">
      <Filter>Header Files</Filter>
    </QtMoc>
    <QtMoc Include="motion3dcontrolwrapper.h">
      <Filter>Header Files</Filter>
    </QtMoc>
    <QtMoc Include="Motion1DModel.h">
      <Filter>Header Files</Filter>
    </QtMoc>
    <QtMoc Include="QtClass.h">
      <Filter>Header Files</Filter>
    </QtMoc>
    <QtMoc Include="MLPIController1D.h">
      <Filter>Header Files</Filter>
    </QtMoc>
    <QtMoc Include="Motion2DControlWrapper.h">
      <Filter>Header Files</Filter>
    </QtMoc>
    <QtMoc Include="Motion2DModel.h">
      <Filter>Header Files</Filter>
    </QtMoc>
    <QtMoc Include="calibrateDataBase.h">
      <Filter>Header Files</Filter>
    </QtMoc>
  </ItemGroup>
  <ItemGroup>
    <ClCompile Include="MLACSCController3D.cpp">
      <Filter>Source Files</Filter>
    </ClCompile>
    <ClCompile Include="Motion3DModel.cpp">
      <Filter>Source Files</Filter>
    </ClCompile>
    <ClCompile Include="motion3dcontrolwrapper.cpp">
      <Filter>Source Files</Filter>
    </ClCompile>
    <ClCompile Include="Motion1DModel.cpp">
      <Filter>Source Files</Filter>
    </ClCompile>
    <ClCompile Include="QtClass.cpp">
      <Filter>Source Files</Filter>
    </ClCompile>
    <ClCompile Include="MLACSController1D.cpp">
      <Filter>Source Files</Filter>
    </ClCompile>
    <ClCompile Include="MLPIController1D.cpp">
      <Filter>Source Files</Filter>
    </ClCompile>
    <ClCompile Include="PIController.cpp">
      <Filter>Source Files</Filter>
    </ClCompile>
    <ClCompile Include="MLACSController2D.cpp">
      <Filter>Source Files</Filter>
    </ClCompile>
    <ClCompile Include="Motion2DControlWrapper.cpp">
      <Filter>Source Files</Filter>
    </ClCompile>
    <ClCompile Include="Motion2DModel.cpp">
      <Filter>Source Files</Filter>
    </ClCompile>
    <ClCompile Include="configItem.cpp">
      <Filter>Source Files</Filter>
    </ClCompile>
    <ClCompile Include="ConfigMAInfo.cpp">
      <Filter>Source Files</Filter>
    </ClCompile>
    <ClCompile Include="MoveLimit.cpp">
      <Filter>Source Files</Filter>
    </ClCompile>
    <ClCompile Include="MoveLimitConfig.cpp">
      <Filter>Source Files</Filter>
    </ClCompile>
    <ClCompile Include="DutProjectorCalibrate.cpp">
      <Filter>Source Files</Filter>
    </ClCompile>
    <ClCompile Include="calibrateDataBase.cpp">
      <Filter>Source Files</Filter>
    </ClCompile>
    <ClCompile Include="calibrationconfig.cpp">
      <Filter>Source Files</Filter>
    </ClCompile>
    <ClCompile Include="FiducialConfig.cpp">
      <Filter>Source Files</Filter>
    </ClCompile>
    <ClCompile Include="MoveLimitJX.cpp">
      <Filter>Source Files</Filter>
    </ClCompile>
    <ClCompile Include="MoveLimitConfigJX.cpp">
      <Filter>Source Files</Filter>
    </ClCompile>
    <ClCompile Include="MLPLCController2D.cpp">
      <Filter>Source Files</Filter>
    </ClCompile>
  </ItemGroup>
</Project>