<?xml version="1.0" encoding="utf-8"?>
<Project ToolsVersion="4.0" xmlns="http://schemas.microsoft.com/developer/msbuild/2003">
  <ItemGroup>
    <Filter Include="Source Files">
      <UniqueIdentifier>{4FC737F1-C7A5-4376-A066-2A32D752A2FF}</UniqueIdentifier>
      <Extensions>qml;cpp;c;cc;cxx;def;odl;idl;hpj;bat;asm;asmx</Extensions>
    </Filter>
    <Filter Include="Header Files">
      <UniqueIdentifier>{93995380-89BD-4b04-88EB-625FBE52EBFB}</UniqueIdentifier>
      <Extensions>h;hh;hpp;hxx;hm;inl;inc;xsd</Extensions>
    </Filter>
    <Filter Include="Resource Files">
      <UniqueIdentifier>{67DA6AB6-F800-4c08-8B7A-83BB121AAD01}</UniqueIdentifier>
      <Extensions>qrc;rc;ico;cur;bmp;dlg;rc2;rct;bin;rgs;gif;jpg;jpeg;jpe;resx;tiff;tif;png;wav;mfcribbon-ms</Extensions>
    </Filter>
    <Filter Include="Form Files">
      <UniqueIdentifier>{99349809-55BA-4b9d-BF79-8FDBB0286EB3}</UniqueIdentifier>
      <Extensions>ui</Extensions>
    </Filter>
    <Filter Include="Translation Files">
      <UniqueIdentifier>{639EADAA-A684-42e4-A9AD-28FC9BCB8F7C}</UniqueIdentifier>
      <Extensions>ts</Extensions>
    </Filter>
  </ItemGroup>
  <ItemGroup>
    <ClInclude Include="pluginsystem_global.h">
      <Filter>Header Files</Filter>
    </ClInclude>
    <QtMoc Include="pluginsystem.h">
      <Filter>Header Files</Filter>
    </QtMoc>
    <ClCompile Include="pluginsystem.cpp">
      <Filter>Source Files</Filter>
    </ClCompile>
    <ClInclude Include="invoker.h">
      <Filter>Header Files</Filter>
    </ClInclude>
    <ClInclude Include="iplugin_p.h">
      <Filter>Header Files</Filter>
    </ClInclude>
    <ClInclude Include="optionsparser.h">
      <Filter>Header Files</Filter>
    </ClInclude>
    <ClInclude Include="pluginspec.h">
      <Filter>Header Files</Filter>
    </ClInclude>
    <ClInclude Include="ServiceRegistration.h">
      <Filter>Header Files</Filter>
    </ClInclude>
    <ClInclude Include="Services.h">
      <Filter>Header Files</Filter>
    </ClInclude>
    <ClInclude Include="ui_plugindetailsview.h">
      <Filter>Header Files</Filter>
    </ClInclude>
    <ClInclude Include="ui_pluginerroroverview.h">
      <Filter>Header Files</Filter>
    </ClInclude>
    <ClInclude Include="ui_pluginerrorview.h">
      <Filter>Header Files</Filter>
    </ClInclude>
    <ClInclude Include="algorithm.h">
      <Filter>Header Files</Filter>
    </ClInclude>
    <ClInclude Include="predicates.h">
      <Filter>Header Files</Filter>
    </ClInclude>
    <ClInclude Include="optional.h">
      <Filter>Header Files</Filter>
    </ClInclude>
    <ClInclude Include="qtcsettings.h">
      <Filter>Header Files</Filter>
    </ClInclude>
    <ClInclude Include="indexedcontainerproxyconstiterator.h">
      <Filter>Header Files</Filter>
    </ClInclude>
    <ClInclude Include="qtcassert.h">
      <Filter>Header Files</Filter>
    </ClInclude>
    <ClInclude Include="resource.h">
      <Filter>Header Files</Filter>
    </ClInclude>
    <ClInclude Include="categorysortfiltermodel.h">
      <Filter>Header Files</Filter>
    </ClInclude>
  </ItemGroup>
  <ItemGroup>
    <QtUic Include="plugindetailsview.ui">
      <Filter>Form Files</Filter>
    </QtUic>
    <QtUic Include="pluginerroroverview.ui">
      <Filter>Form Files</Filter>
    </QtUic>
    <QtUic Include="pluginerrorview.ui">
      <Filter>Form Files</Filter>
    </QtUic>
  </ItemGroup>
  <ItemGroup>
    <QtMoc Include="iplugin.h">
      <Filter>Header Files</Filter>
    </QtMoc>
    <QtMoc Include="plugindetailsview.h">
      <Filter>Header Files</Filter>
    </QtMoc>
    <QtMoc Include="pluginerroroverview.h">
      <Filter>Header Files</Filter>
    </QtMoc>
    <QtMoc Include="pluginerrorview.h">
      <Filter>Header Files</Filter>
    </QtMoc>
    <QtMoc Include="pluginmanager.h">
      <Filter>Header Files</Filter>
    </QtMoc>
    <QtMoc Include="pluginmanager_p.h">
      <Filter>Header Files</Filter>
    </QtMoc>
    <QtMoc Include="pluginspec_p.h">
      <Filter>Header Files</Filter>
    </QtMoc>
    <QtMoc Include="pluginview.h">
      <Filter>Header Files</Filter>
    </QtMoc>
    <QtMoc Include="treemodel.h">
      <Filter>Header Files</Filter>
    </QtMoc>
    <QtMoc Include="itemviews.h">
      <Filter>Header Files</Filter>
    </QtMoc>
  </ItemGroup>
  <ItemGroup>
    <ClCompile Include="invoker.cpp">
      <Filter>Source Files</Filter>
    </ClCompile>
    <ClCompile Include="iplugin.cpp">
      <Filter>Source Files</Filter>
    </ClCompile>
    <ClCompile Include="optionsparser.cpp">
      <Filter>Source Files</Filter>
    </ClCompile>
    <ClCompile Include="plugindetailsview.cpp">
      <Filter>Source Files</Filter>
    </ClCompile>
    <ClCompile Include="pluginerroroverview.cpp">
      <Filter>Source Files</Filter>
    </ClCompile>
    <ClCompile Include="pluginerrorview.cpp">
      <Filter>Source Files</Filter>
    </ClCompile>
    <ClCompile Include="pluginmanager.cpp">
      <Filter>Source Files</Filter>
    </ClCompile>
    <ClCompile Include="pluginspec.cpp">
      <Filter>Source Files</Filter>
    </ClCompile>
    <ClCompile Include="pluginview.cpp">
      <Filter>Source Files</Filter>
    </ClCompile>
    <ClCompile Include="ServiceRegistration.cpp">
      <Filter>Source Files</Filter>
    </ClCompile>
    <ClCompile Include="Services.cpp">
      <Filter>Source Files</Filter>
    </ClCompile>
    <ClCompile Include="treemodel.cpp">
      <Filter>Source Files</Filter>
    </ClCompile>
    <ClCompile Include="qtcassert.cpp">
      <Filter>Source Files</Filter>
    </ClCompile>
    <ClCompile Include="categorysortfiltermodel.cpp">
      <Filter>Source Files</Filter>
    </ClCompile>
  </ItemGroup>
  <ItemGroup>
    <ResourceCompile Include="pluginsystem.rc">
      <Filter>Resource Files</Filter>
    </ResourceCompile>
  </ItemGroup>
  <ItemGroup>
    <QtRcc Include="pluginsystem.qrc">
      <Filter>Resource Files</Filter>
    </QtRcc>
  </ItemGroup>
</Project>