<?xml version="1.0" encoding="utf-8"?>
<Project ToolsVersion="4.0" xmlns="http://schemas.microsoft.com/developer/msbuild/2003">
  <ItemGroup>
    <Filter Include="Source Files">
      <UniqueIdentifier>{4FC737F1-C7A5-4376-A066-2A32D752A2FF}</UniqueIdentifier>
      <Extensions>qml;cpp;c;cc;cxx;def;odl;idl;hpj;bat;asm;asmx</Extensions>
    </Filter>
    <Filter Include="Header Files">
      <UniqueIdentifier>{93995380-89BD-4b04-88EB-625FBE52EBFB}</UniqueIdentifier>
      <Extensions>h;hh;hpp;hxx;hm;inl;inc;xsd</Extensions>
    </Filter>
    <Filter Include="Resource Files">
      <UniqueIdentifier>{67DA6AB6-F800-4c08-8B7A-83BB121AAD01}</UniqueIdentifier>
      <Extensions>qrc;rc;ico;cur;bmp;dlg;rc2;rct;bin;rgs;gif;jpg;jpeg;jpe;resx;tiff;tif;png;wav;mfcribbon-ms</Extensions>
    </Filter>
    <Filter Include="Form Files">
      <UniqueIdentifier>{99349809-55BA-4b9d-BF79-8FDBB0286EB3}</UniqueIdentifier>
      <Extensions>ui</Extensions>
    </Filter>
    <Filter Include="Translation Files">
      <UniqueIdentifier>{639EADAA-A684-42e4-A9AD-28FC9BCB8F7C}</UniqueIdentifier>
      <Extensions>ts</Extensions>
    </Filter>
    <Filter Include="Recipe_Node">
      <UniqueIdentifier>{933b188d-170c-489e-be5e-df93b0e682b6}</UniqueIdentifier>
    </Filter>
  </ItemGroup>
  <ItemGroup>
    <ClInclude Include="integratingsphere_global.h">
      <Filter>Header Files</Filter>
    </ClInclude>
    <ClInclude Include="IsTcp.h">
      <Filter>Header Files</Filter>
    </ClInclude>
  </ItemGroup>
  <ItemGroup>
    <ClCompile Include="integratingspheretcpmodel.cpp">
      <Filter>Source Files</Filter>
    </ClCompile>
    <ClCompile Include="IntegratingsphereWrapper.cpp">
      <Filter>Source Files</Filter>
    </ClCompile>
    <ClCompile Include="integratingspherecontroller.cpp">
      <Filter>Source Files</Filter>
    </ClCompile>
    <ClCompile Include="IntegratingSpherePlugin.cpp">
      <Filter>Source Files</Filter>
    </ClCompile>
    <ClCompile Include="ReticleMode.cpp">
      <Filter>Source Files</Filter>
    </ClCompile>
    <ClCompile Include="ReticleWidget.cpp">
      <Filter>Source Files</Filter>
    </ClCompile>
    <ClCompile Include="IsTcp.cpp">
      <Filter>Source Files</Filter>
    </ClCompile>
    <ClCompile Include="ReticleMode2D.cpp">
      <Filter>Source Files</Filter>
    </ClCompile>
    <ClCompile Include="ReticleWidget2D.cpp">
      <Filter>Source Files</Filter>
    </ClCompile>
    <ClCompile Include="Reticle4Recipe.cpp">
      <Filter>Recipe_Node</Filter>
    </ClCompile>
    <ClCompile Include="Integratingsphere4Recipe.cpp">
      <Filter>Recipe_Node</Filter>
    </ClCompile>
  </ItemGroup>
  <ItemGroup>
    <QtMoc Include="integratingspheretcpmodel.h">
      <Filter>Header Files</Filter>
    </QtMoc>
    <QtMoc Include="IntegratingsphereWrapper.h">
      <Filter>Header Files</Filter>
    </QtMoc>
    <QtMoc Include="integratingspherecontroller.h">
      <Filter>Header Files</Filter>
    </QtMoc>
    <QtMoc Include="IntegratingSpherePlugin.h">
      <Filter>Header Files</Filter>
    </QtMoc>
    <QtMoc Include="ReticleMode.h">
      <Filter>Header Files</Filter>
    </QtMoc>
    <QtMoc Include="ReticleWidget.h">
      <Filter>Header Files</Filter>
    </QtMoc>
    <QtMoc Include="ReticleMode2D.h">
      <Filter>Header Files</Filter>
    </QtMoc>
    <QtMoc Include="ReticleWidget2D.h">
      <Filter>Header Files</Filter>
    </QtMoc>
    <QtMoc Include="Reticle4Recipe.h">
      <Filter>Recipe_Node</Filter>
    </QtMoc>
    <QtMoc Include="Integratingsphere4Recipe.h">
      <Filter>Recipe_Node</Filter>
    </QtMoc>
  </ItemGroup>
  <ItemGroup>
    <QtUic Include="integratingspherecontroller.ui">
      <Filter>Form Files</Filter>
    </QtUic>
    <QtUic Include="ReticleWidget.ui">
      <Filter>Form Files</Filter>
    </QtUic>
    <QtUic Include="ReticleWidget2D.ui">
      <Filter>Form Files</Filter>
    </QtUic>
  </ItemGroup>
  <ItemGroup>
    <QtRcc Include="Resource.qrc">
      <Filter>Resource Files</Filter>
    </QtRcc>
  </ItemGroup>
</Project>